Microsoft Visual Studio Solution File, Format Version 11.00
# Visual Studio 2008

Project("{49ED228C-5E06-9DCC-E4F4-C7D03EE06A1F}") = "EQ-A", "Assembly-CSharp.csproj", "{246D6BA9-E0E2-A27A-74E2-CB41F5B93993}"
EndProject
Global
	GlobalSection(SolutionConfigurationPlatforms) = preSolution
		Debug|Any CPU = Debug|Any CPU
		Release|Any CPU = Release|Any CPU
	EndGlobalSection
	GlobalSection(ProjectConfigurationPlatforms) = postSolution
		{246D6BA9-E0E2-A27A-74E2-CB41F5B93993}.Debug|Any CPU.ActiveCfg = Debug|Any CPU
		{246D6BA9-E0E2-A27A-74E2-CB41F5B93993}.Debug|Any CPU.Build.0 = Debug|Any CPU
		{246D6BA9-E0E2-A27A-74E2-CB41F5B93993}.Release|Any CPU.ActiveCfg = Release|Any CPU
		{246D6BA9-E0E2-A27A-74E2-CB41F5B93993}.Release|Any CPU.Build.0 = Release|Any CPU
	EndGlobalSection
	GlobalSection(SolutionProperties) = preSolution
		HideSolutionNode = FALSE
	EndGlobalSection
	GlobalSection(MonoDevelopProperties) = preSolution
		StartupItem = Assembly-CSharp.csproj
	EndGlobalSection
EndGlobal
